
Microsoft Visual Studio Solution File, Format Version 12.00
# Visual Studio 14
VisualStudioVersion = 14.0.22310.1
MinimumVisualStudioVersion = 10.0.40219.1
Project("{F184B08F-C81C-45F6-A57F-5ABD9991F28F}") = "VB14CodeDemos", "VB14CodeDemos\VB14CodeDemos.vbproj", "{B9BABAEE-72DB-4BC5-BB3F-4CB2FA730888}"
EndProject
Project("{FAE04EC0-301F-11D3-BF4B-00C04F79EFBC}") = "CSharp6CodeDemos", "CSharp6CodeDemos\CSharp6CodeDemos.csproj", "{B3EF66C0-7531-490F-AFC1-D0F79E06526E}"
EndProject
Global
	GlobalSection(SolutionConfigurationPlatforms) = preSolution
		Debug|Any CPU = Debug|Any CPU
		Release|Any CPU = Release|Any CPU
	EndGlobalSection
	GlobalSection(ProjectConfigurationPlatforms) = postSolution
		{B9BABAEE-72DB-4BC5-BB3F-4CB2FA730888}.Debug|Any CPU.ActiveCfg = Debug|Any CPU
		{B9BABAEE-72DB-4BC5-BB3F-4CB2FA730888}.Debug|Any CPU.Build.0 = Debug|Any CPU
		{B9BABAEE-72DB-4BC5-BB3F-4CB2FA730888}.Release|Any CPU.ActiveCfg = Release|Any CPU
		{B9BABAEE-72DB-4BC5-BB3F-4CB2FA730888}.Release|Any CPU.Build.0 = Release|Any CPU
		{B3EF66C0-7531-490F-AFC1-D0F79E06526E}.Debug|Any CPU.ActiveCfg = Debug|Any CPU
		{B3EF66C0-7531-490F-AFC1-D0F79E06526E}.Debug|Any CPU.Build.0 = Debug|Any CPU
		{B3EF66C0-7531-490F-AFC1-D0F79E06526E}.Release|Any CPU.ActiveCfg = Release|Any CPU
		{B3EF66C0-7531-490F-AFC1-D0F79E06526E}.Release|Any CPU.Build.0 = Release|Any CPU
	EndGlobalSection
	GlobalSection(SolutionProperties) = preSolution
		HideSolutionNode = FALSE
	EndGlobalSection
EndGlobal
